
Microsoft Visual Studio Solution File, Format Version 12.00
# Visual Studio 15
VisualStudioVersion = 15.0.28307.757
MinimumVisualStudioVersion = 10.0.40219.1
Project("{FAE04EC0-301F-11D3-BF4B-00C04F79EFBC}") = "business", "business\business.csproj", "{6070C1E9-0453-4F44-B363-CBAB4AA9E610}"
EndProject
Project("{FAE04EC0-301F-11D3-BF4B-00C04F79EFBC}") = "CriadorSites", "CriadorSites\CriadorSites.csproj", "{C57B7047-2CF5-4F1F-8CED-678B4FF358C4}"
EndProject
Project("{FAE04EC0-301F-11D3-BF4B-00C04F79EFBC}") = "DataContextCriacaoSite", "DataContextCriacaoSite\DataContextCriacaoSite.csproj", "{20184762-64E5-4FD1-96DA-E59CFD065911}"
EndProject
Project("{FAE04EC0-301F-11D3-BF4B-00C04F79EFBC}") = "ConsoleApp1", "ConsoleApp1\ConsoleApp1.csproj", "{664162DB-0D75-4ADF-8AB7-5FBF294F942B}"
EndProject
Project("{FAE04EC0-301F-11D3-BF4B-00C04F79EFBC}") = "pagseguro", "pagseguro\pagseguro.csproj", "{DB631135-EA37-4BC5-94D2-EE887C467AF8}"
EndProject
Global
	GlobalSection(SolutionConfigurationPlatforms) = preSolution
		Debug|Any CPU = Debug|Any CPU
		Release|Any CPU = Release|Any CPU
	EndGlobalSection
	GlobalSection(ProjectConfigurationPlatforms) = postSolution
		{6070C1E9-0453-4F44-B363-CBAB4AA9E610}.Debug|Any CPU.ActiveCfg = Debug|Any CPU
		{6070C1E9-0453-4F44-B363-CBAB4AA9E610}.Debug|Any CPU.Build.0 = Debug|Any CPU
		{6070C1E9-0453-4F44-B363-CBAB4AA9E610}.Release|Any CPU.ActiveCfg = Release|Any CPU
		{6070C1E9-0453-4F44-B363-CBAB4AA9E610}.Release|Any CPU.Build.0 = Release|Any CPU
		{C57B7047-2CF5-4F1F-8CED-678B4FF358C4}.Debug|Any CPU.ActiveCfg = Debug|Any CPU
		{C57B7047-2CF5-4F1F-8CED-678B4FF358C4}.Debug|Any CPU.Build.0 = Debug|Any CPU
		{C57B7047-2CF5-4F1F-8CED-678B4FF358C4}.Release|Any CPU.ActiveCfg = Release|Any CPU
		{C57B7047-2CF5-4F1F-8CED-678B4FF358C4}.Release|Any CPU.Build.0 = Release|Any CPU
		{20184762-64E5-4FD1-96DA-E59CFD065911}.Debug|Any CPU.ActiveCfg = Debug|Any CPU
		{20184762-64E5-4FD1-96DA-E59CFD065911}.Debug|Any CPU.Build.0 = Debug|Any CPU
		{20184762-64E5-4FD1-96DA-E59CFD065911}.Release|Any CPU.ActiveCfg = Release|Any CPU
		{20184762-64E5-4FD1-96DA-E59CFD065911}.Release|Any CPU.Build.0 = Release|Any CPU
		{664162DB-0D75-4ADF-8AB7-5FBF294F942B}.Debug|Any CPU.ActiveCfg = Debug|Any CPU
		{664162DB-0D75-4ADF-8AB7-5FBF294F942B}.Debug|Any CPU.Build.0 = Debug|Any CPU
		{664162DB-0D75-4ADF-8AB7-5FBF294F942B}.Release|Any CPU.ActiveCfg = Release|Any CPU
		{664162DB-0D75-4ADF-8AB7-5FBF294F942B}.Release|Any CPU.Build.0 = Release|Any CPU
		{DB631135-EA37-4BC5-94D2-EE887C467AF8}.Debug|Any CPU.ActiveCfg = Debug|Any CPU
		{DB631135-EA37-4BC5-94D2-EE887C467AF8}.Debug|Any CPU.Build.0 = Debug|Any CPU
		{DB631135-EA37-4BC5-94D2-EE887C467AF8}.Release|Any CPU.ActiveCfg = Release|Any CPU
		{DB631135-EA37-4BC5-94D2-EE887C467AF8}.Release|Any CPU.Build.0 = Release|Any CPU
	EndGlobalSection
	GlobalSection(SolutionProperties) = preSolution
		HideSolutionNode = FALSE
	EndGlobalSection
	GlobalSection(ExtensibilityGlobals) = postSolution
		SolutionGuid = {7C24AF77-4B60-4CFC-82F4-8FB01EAE187C}
	EndGlobalSection
EndGlobal
